{
  "name": "gen-points",
  "version": "1.0.0",
  "lockfileVersion": 1,
  "requires": true,
  "dependencies": {
    "@turf/helpers": {
      "version": "6.1.4",
      "resolved": "https://registry.npmjs.org/@turf/helpers/-/helpers-6.1.4.tgz",
      "integrity": "sha512-vJvrdOZy1ngC7r3MDA7zIGSoIgyrkWcGnNIEaqn/APmw+bVLF2gAW7HIsdTxd12s5wQMqEpqIQrmrbRRZ0xC7g=="
    },
    "@turf/random": {
      "version": "6.0.2",
      "resolved": "https://registry.npmjs.org/@turf/random/-/random-6.0.2.tgz",
      "integrity": "sha512-kAJhZ2QZ4kM2ArI0lrFLtq1LCH4ZSjleUlj1izi/405XenjddjrbgtewpZte8IxCSeV4yK46lsDRS1911cF5lg==",
      "requires": {
        "@turf/helpers": "6.x"
      }
    }
  }
}
